{
  "version": 4,
  "terraform_version": "1.12.1",
  "serial": 10,
  "lineage": "47f5158b-2aee-651b-717f-73ca50b19765",
  "outputs": {
    "public_ip_address": {
      "value": "52.233.43.248",
      "type": "string"
    },
    "resource_group": {
      "value": "praj0080-A05-RG",
      "type": "string"
    }
  },
  "resources": [
    {
      "mode": "data",
      "type": "template_file",
      "name": "user_data",
      "provider": "provider[\"registry.terraform.io/hashicorp/template\"]",
      "instances": [
        {
          "schema_version": 0,
          "attributes": {
            "filename": null,
            "id": "fcc5408dd6eccb6d4dcb855a9c148ad00327971377a0ef6702af3a288337c3b0",
            "rendered": "#!/bin/bash\nsudo apt-get update\nsudo apt-get install -y apache2\n",
            "template": "#!/bin/bash\nsudo apt-get update\nsudo apt-get install -y apache2\n",
            "vars": null
          },
          "sensitive_attributes": [],
          "identity_schema_version": 0
        }
      ]
    },
    {
      "mode": "managed",
      "type": "azurerm_linux_virtual_machine",
      "name": "vm",
      "provider": "provider[\"registry.terraform.io/hashicorp/azurerm\"]",
      "instances": [
        {
          "schema_version": 0,
          "attributes": {
            "additional_capabilities": [],
            "admin_password": null,
            "admin_ssh_key": [
              {
                "public_key": "ssh-rsa AAAAB3NzaC1yc2EAAAADAQABAAABAQCRIa/PU4RBsQjuxyGu/j22kyayV4NLoe7eX0GbtSVwrJPW6qa97opVsOgqaHgs4O067jNmBZi0C202AJ4ar9phGRoMbmLwcG93aBwNFC7UxZer/DuJXpF1IpoTuwMNiH0NDC5OL8F67XgXLNZYRnn0Bq0gXQL2Axegjsa0bRvif315AiWwd9INaf2FPtC/AIX2+FsQlVyZlsYTI0NzRcaEEMnOJy4hx09iRNKR4YMq/58/imlYe5RI5LHBf2KRTv19s8Eg7eaOH1t7da6WUEY2nrwi9AhriAlRvGGXRkpquNtCwJM62kjJwe0x6glwtS4lt3GPNzrERnU+xBm998lv Meet Prajapati@NewHostname\n",
                "username": "azureadmin"
              }
            ],
            "admin_username": "azureadmin",
            "allow_extension_operations": true,
            "availability_set_id": "",
            "boot_diagnostics": [],
            "computer_name": "praj0080-vm",
            "custom_data": "IyEvYmluL2Jhc2gKc3VkbyBhcHQtZ2V0IHVwZGF0ZQpzdWRvIGFwdC1nZXQgaW5zdGFsbCAteSBhcGFjaGUyCg==",
            "dedicated_host_group_id": "",
            "dedicated_host_id": "",
            "disable_password_authentication": true,
            "edge_zone": "",
            "encryption_at_host_enabled": false,
            "eviction_policy": "",
            "extensions_time_budget": "PT1H30M",
            "id": "/subscriptions/e41f28e7-a9fc-46c3-98cc-3a82627e79c8/resourceGroups/praj0080-A05-RG/providers/Microsoft.Compute/virtualMachines/praj0080-vm",
            "identity": [],
            "license_type": "",
            "location": "canadacentral",
            "max_bid_price": -1,
            "name": "praj0080-vm",
            "network_interface_ids": [
              "/subscriptions/e41f28e7-a9fc-46c3-98cc-3a82627e79c8/resourceGroups/praj0080-A05-RG/providers/Microsoft.Network/networkInterfaces/praj0080-nic"
            ],
            "os_disk": [
              {
                "caching": "ReadWrite",
                "diff_disk_settings": [],
                "disk_encryption_set_id": "",
                "disk_size_gb": 30,
                "name": "praj0080-osdisk",
                "storage_account_type": "Standard_LRS",
                "write_accelerator_enabled": false
              }
            ],
            "patch_mode": "ImageDefault",
            "plan": [],
            "platform_fault_domain": -1,
            "priority": "Regular",
            "private_ip_address": "10.0.1.4",
            "private_ip_addresses": [
              "10.0.1.4"
            ],
            "provision_vm_agent": true,
            "proximity_placement_group_id": "",
            "public_ip_address": "52.233.43.248",
            "public_ip_addresses": [
              "52.233.43.248"
            ],
            "resource_group_name": "praj0080-A05-RG",
            "secret": [],
            "secure_boot_enabled": false,
            "size": "Standard_B1s",
            "source_image_id": "",
            "source_image_reference": [
              {
                "offer": "0001-com-ubuntu-server-focal",
                "publisher": "Canonical",
                "sku": "20_04-lts",
                "version": "latest"
              }
            ],
            "tags": {},
            "termination_notification": [],
            "timeouts": null,
            "user_data": "",
            "virtual_machine_id": "46b989cc-141c-43c0-bd8c-d81d056832a1",
            "virtual_machine_scale_set_id": "",
            "vtpm_enabled": false,
            "zone": ""
          },
          "sensitive_attributes": [
            [
              {
                "type": "get_attr",
                "value": "admin_password"
              }
            ],
            [
              {
                "type": "get_attr",
                "value": "custom_data"
              }
            ]
          ],
          "identity_schema_version": 0,
          "private": "eyJlMmJmYjczMC1lY2FhLTExZTYtOGY4OC0zNDM2M2JjN2M0YzAiOnsiY3JlYXRlIjoyNzAwMDAwMDAwMDAwLCJkZWxldGUiOjI3MDAwMDAwMDAwMDAsInJlYWQiOjMwMDAwMDAwMDAwMCwidXBkYXRlIjoyNzAwMDAwMDAwMDAwfX0=",
          "dependencies": [
            "azurerm_network_interface.nic",
            "azurerm_public_ip.public_ip",
            "azurerm_resource_group.main",
            "azurerm_subnet.subnet",
            "azurerm_virtual_network.vnet",
            "data.template_file.user_data"
          ]
        }
      ]
    },
    {
      "mode": "managed",
      "type": "azurerm_network_interface",
      "name": "nic",
      "provider": "provider[\"registry.terraform.io/hashicorp/azurerm\"]",
      "instances": [
        {
          "schema_version": 0,
          "attributes": {
            "applied_dns_servers": [],
            "dns_servers": [],
            "edge_zone": "",
            "enable_accelerated_networking": false,
            "enable_ip_forwarding": false,
            "id": "/subscriptions/e41f28e7-a9fc-46c3-98cc-3a82627e79c8/resourceGroups/praj0080-A05-RG/providers/Microsoft.Network/networkInterfaces/praj0080-nic",
            "internal_dns_name_label": "",
            "internal_domain_name_suffix": "2q3rqp0qfxpevnklov3s0sti0d.ux.internal.cloudapp.net",
            "ip_configuration": [
              {
                "gateway_load_balancer_frontend_ip_configuration_id": "",
                "name": "internal",
                "primary": true,
                "private_ip_address": "10.0.1.4",
                "private_ip_address_allocation": "Dynamic",
                "private_ip_address_version": "IPv4",
                "public_ip_address_id": "/subscriptions/e41f28e7-a9fc-46c3-98cc-3a82627e79c8/resourceGroups/praj0080-A05-RG/providers/Microsoft.Network/publicIPAddresses/praj0080-public-ip",
                "subnet_id": "/subscriptions/e41f28e7-a9fc-46c3-98cc-3a82627e79c8/resourceGroups/praj0080-A05-RG/providers/Microsoft.Network/virtualNetworks/praj0080-vnet/subnets/praj0080-subnet"
              }
            ],
            "location": "canadacentral",
            "mac_address": "00-22-48-AF-46-58",
            "name": "praj0080-nic",
            "private_ip_address": "10.0.1.4",
            "private_ip_addresses": [
              "10.0.1.4"
            ],
            "resource_group_name": "praj0080-A05-RG",
            "tags": {},
            "timeouts": null,
            "virtual_machine_id": "/subscriptions/e41f28e7-a9fc-46c3-98cc-3a82627e79c8/resourceGroups/praj0080-A05-RG/providers/Microsoft.Compute/virtualMachines/praj0080-vm"
          },
          "sensitive_attributes": [],
          "identity_schema_version": 0,
          "private": "eyJlMmJmYjczMC1lY2FhLTExZTYtOGY4OC0zNDM2M2JjN2M0YzAiOnsiY3JlYXRlIjoxODAwMDAwMDAwMDAwLCJkZWxldGUiOjE4MDAwMDAwMDAwMDAsInJlYWQiOjMwMDAwMDAwMDAwMCwidXBkYXRlIjoxODAwMDAwMDAwMDAwfX0=",
          "dependencies": [
            "azurerm_public_ip.public_ip",
            "azurerm_resource_group.main",
            "azurerm_subnet.subnet",
            "azurerm_virtual_network.vnet"
          ]
        }
      ]
    },
    {
      "mode": "managed",
      "type": "azurerm_network_interface_security_group_association",
      "name": "nsg_assoc",
      "provider": "provider[\"registry.terraform.io/hashicorp/azurerm\"]",
      "instances": [
        {
          "schema_version": 0,
          "attributes": {
            "id": "/subscriptions/e41f28e7-a9fc-46c3-98cc-3a82627e79c8/resourceGroups/praj0080-A05-RG/providers/Microsoft.Network/networkInterfaces/praj0080-nic|/subscriptions/e41f28e7-a9fc-46c3-98cc-3a82627e79c8/resourceGroups/praj0080-A05-RG/providers/Microsoft.Network/networkSecurityGroups/praj0080-nsg",
            "network_interface_id": "/subscriptions/e41f28e7-a9fc-46c3-98cc-3a82627e79c8/resourceGroups/praj0080-A05-RG/providers/Microsoft.Network/networkInterfaces/praj0080-nic",
            "network_security_group_id": "/subscriptions/e41f28e7-a9fc-46c3-98cc-3a82627e79c8/resourceGroups/praj0080-A05-RG/providers/Microsoft.Network/networkSecurityGroups/praj0080-nsg",
            "timeouts": null
          },
          "sensitive_attributes": [],
          "identity_schema_version": 0,
          "private": "eyJlMmJmYjczMC1lY2FhLTExZTYtOGY4OC0zNDM2M2JjN2M0YzAiOnsiY3JlYXRlIjoxODAwMDAwMDAwMDAwLCJkZWxldGUiOjE4MDAwMDAwMDAwMDAsInJlYWQiOjMwMDAwMDAwMDAwMCwidXBkYXRlIjoxODAwMDAwMDAwMDAwfX0=",
          "dependencies": [
            "azurerm_network_interface.nic",
            "azurerm_network_security_group.nsg",
            "azurerm_public_ip.public_ip",
            "azurerm_resource_group.main",
            "azurerm_subnet.subnet",
            "azurerm_virtual_network.vnet"
          ]
        }
      ]
    },
    {
      "mode": "managed",
      "type": "azurerm_network_security_group",
      "name": "nsg",
      "provider": "provider[\"registry.terraform.io/hashicorp/azurerm\"]",
      "instances": [
        {
          "schema_version": 0,
          "attributes": {
            "id": "/subscriptions/e41f28e7-a9fc-46c3-98cc-3a82627e79c8/resourceGroups/praj0080-A05-RG/providers/Microsoft.Network/networkSecurityGroups/praj0080-nsg",
            "location": "canadacentral",
            "name": "praj0080-nsg",
            "resource_group_name": "praj0080-A05-RG",
            "security_rule": [
              {
                "access": "Allow",
                "description": "",
                "destination_address_prefix": "*",
                "destination_address_prefixes": [],
                "destination_application_security_group_ids": [],
                "destination_port_range": "22",
                "destination_port_ranges": [],
                "direction": "Inbound",
                "name": "SSH",
                "priority": 1001,
                "protocol": "Tcp",
                "source_address_prefix": "*",
                "source_address_prefixes": [],
                "source_application_security_group_ids": [],
                "source_port_range": "*",
                "source_port_ranges": []
              },
              {
                "access": "Allow",
                "description": "",
                "destination_address_prefix": "*",
                "destination_address_prefixes": [],
                "destination_application_security_group_ids": [],
                "destination_port_range": "80",
                "destination_port_ranges": [],
                "direction": "Inbound",
                "name": "HTTP",
                "priority": 1002,
                "protocol": "Tcp",
                "source_address_prefix": "*",
                "source_address_prefixes": [],
                "source_application_security_group_ids": [],
                "source_port_range": "*",
                "source_port_ranges": []
              }
            ],
            "tags": {},
            "timeouts": null
          },
          "sensitive_attributes": [],
          "identity_schema_version": 0,
          "private": "eyJlMmJmYjczMC1lY2FhLTExZTYtOGY4OC0zNDM2M2JjN2M0YzAiOnsiY3JlYXRlIjoxODAwMDAwMDAwMDAwLCJkZWxldGUiOjE4MDAwMDAwMDAwMDAsInJlYWQiOjMwMDAwMDAwMDAwMCwidXBkYXRlIjoxODAwMDAwMDAwMDAwfX0=",
          "dependencies": [
            "azurerm_resource_group.main"
          ]
        }
      ]
    },
    {
      "mode": "managed",
      "type": "azurerm_public_ip",
      "name": "public_ip",
      "provider": "provider[\"registry.terraform.io/hashicorp/azurerm\"]",
      "instances": [
        {
          "schema_version": 0,
          "attributes": {
            "allocation_method": "Dynamic",
            "domain_name_label": null,
            "edge_zone": "",
            "fqdn": null,
            "id": "/subscriptions/e41f28e7-a9fc-46c3-98cc-3a82627e79c8/resourceGroups/praj0080-A05-RG/providers/Microsoft.Network/publicIPAddresses/praj0080-public-ip",
            "idle_timeout_in_minutes": 4,
            "ip_address": "52.233.43.248",
            "ip_tags": {},
            "ip_version": "IPv4",
            "location": "canadacentral",
            "name": "praj0080-public-ip",
            "public_ip_prefix_id": null,
            "resource_group_name": "praj0080-A05-RG",
            "reverse_fqdn": null,
            "sku": "Basic",
            "sku_tier": "Regional",
            "tags": {},
            "timeouts": null,
            "zones": []
          },
          "sensitive_attributes": [],
          "identity_schema_version": 0,
          "private": "eyJlMmJmYjczMC1lY2FhLTExZTYtOGY4OC0zNDM2M2JjN2M0YzAiOnsiY3JlYXRlIjoxODAwMDAwMDAwMDAwLCJkZWxldGUiOjE4MDAwMDAwMDAwMDAsInJlYWQiOjMwMDAwMDAwMDAwMCwidXBkYXRlIjoxODAwMDAwMDAwMDAwfX0=",
          "dependencies": [
            "azurerm_resource_group.main"
          ]
        }
      ]
    },
    {
      "mode": "managed",
      "type": "azurerm_resource_group",
      "name": "main",
      "provider": "provider[\"registry.terraform.io/hashicorp/azurerm\"]",
      "instances": [
        {
          "schema_version": 0,
          "attributes": {
            "id": "/subscriptions/e41f28e7-a9fc-46c3-98cc-3a82627e79c8/resourceGroups/praj0080-A05-RG",
            "location": "canadacentral",
            "name": "praj0080-A05-RG",
            "tags": {},
            "timeouts": null
          },
          "sensitive_attributes": [],
          "identity_schema_version": 0,
          "private": "eyJlMmJmYjczMC1lY2FhLTExZTYtOGY4OC0zNDM2M2JjN2M0YzAiOnsiY3JlYXRlIjo1NDAwMDAwMDAwMDAwLCJkZWxldGUiOjU0MDAwMDAwMDAwMDAsInJlYWQiOjMwMDAwMDAwMDAwMCwidXBkYXRlIjo1NDAwMDAwMDAwMDAwfX0="
        }
      ]
    },
    {
      "mode": "managed",
      "type": "azurerm_subnet",
      "name": "subnet",
      "provider": "provider[\"registry.terraform.io/hashicorp/azurerm\"]",
      "instances": [
        {
          "schema_version": 0,
          "attributes": {
            "address_prefixes": [
              "10.0.1.0/24"
            ],
            "delegation": [],
            "enforce_private_link_endpoint_network_policies": false,
            "enforce_private_link_service_network_policies": false,
            "id": "/subscriptions/e41f28e7-a9fc-46c3-98cc-3a82627e79c8/resourceGroups/praj0080-A05-RG/providers/Microsoft.Network/virtualNetworks/praj0080-vnet/subnets/praj0080-subnet",
            "name": "praj0080-subnet",
            "resource_group_name": "praj0080-A05-RG",
            "service_endpoint_policy_ids": [],
            "service_endpoints": [],
            "timeouts": null,
            "virtual_network_name": "praj0080-vnet"
          },
          "sensitive_attributes": [],
          "identity_schema_version": 0,
          "private": "eyJlMmJmYjczMC1lY2FhLTExZTYtOGY4OC0zNDM2M2JjN2M0YzAiOnsiY3JlYXRlIjoxODAwMDAwMDAwMDAwLCJkZWxldGUiOjE4MDAwMDAwMDAwMDAsInJlYWQiOjMwMDAwMDAwMDAwMCwidXBkYXRlIjoxODAwMDAwMDAwMDAwfX0=",
          "dependencies": [
            "azurerm_resource_group.main",
            "azurerm_virtual_network.vnet"
          ]
        }
      ]
    },
    {
      "mode": "managed",
      "type": "azurerm_virtual_network",
      "name": "vnet",
      "provider": "provider[\"registry.terraform.io/hashicorp/azurerm\"]",
      "instances": [
        {
          "schema_version": 0,
          "attributes": {
            "address_space": [
              "10.0.0.0/16"
            ],
            "bgp_community": "",
            "ddos_protection_plan": [],
            "dns_servers": [],
            "edge_zone": "",
            "flow_timeout_in_minutes": 0,
            "guid": "3f183be4-2d50-4ade-b54b-757b2d4a68d3",
            "id": "/subscriptions/e41f28e7-a9fc-46c3-98cc-3a82627e79c8/resourceGroups/praj0080-A05-RG/providers/Microsoft.Network/virtualNetworks/praj0080-vnet",
            "location": "canadacentral",
            "name": "praj0080-vnet",
            "resource_group_name": "praj0080-A05-RG",
            "subnet": [
              {
                "address_prefix": "10.0.1.0/24",
                "id": "/subscriptions/e41f28e7-a9fc-46c3-98cc-3a82627e79c8/resourceGroups/praj0080-A05-RG/providers/Microsoft.Network/virtualNetworks/praj0080-vnet/subnets/praj0080-subnet",
                "name": "praj0080-subnet",
                "security_group": ""
              }
            ],
            "tags": {},
            "timeouts": null
          },
          "sensitive_attributes": [],
          "identity_schema_version": 0,
          "private": "eyJlMmJmYjczMC1lY2FhLTExZTYtOGY4OC0zNDM2M2JjN2M0YzAiOnsiY3JlYXRlIjoxODAwMDAwMDAwMDAwLCJkZWxldGUiOjE4MDAwMDAwMDAwMDAsInJlYWQiOjMwMDAwMDAwMDAwMCwidXBkYXRlIjoxODAwMDAwMDAwMDAwfX0=",
          "dependencies": [
            "azurerm_resource_group.main"
          ]
        }
      ]
    }
  ],
  "check_results": null
}
